
Microsoft Visual Studio Solution File, Format Version 12.00
# Visual Studio Version 17
VisualStudioVersion = 17.1.32210.238
MinimumVisualStudioVersion = 10.0.40219.1
Project("{2150E333-8FDC-42A3-9474-1A3956D46DE8}") = "1. Enterprise Business Rules", "1. Enterprise Business Rules", "{BE743584-08C0-44C2-84D4-8218D7E6D3FD}"
EndProject
Project("{2150E333-8FDC-42A3-9474-1A3956D46DE8}") = "2. Application Business Rules", "2. Application Business Rules", "{08F2403F-39C3-4123-ACD3-E16B6D228472}"
EndProject
Project("{2150E333-8FDC-42A3-9474-1A3956D46DE8}") = "3. Interface Adapters", "3. Interface Adapters", "{704F6C93-2185-4CB6-80A2-49E15D4636F8}"
EndProject
Project("{2150E333-8FDC-42A3-9474-1A3956D46DE8}") = "4. Frameworks and Drivers", "4. Frameworks and Drivers", "{80D8F257-6228-43E7-A294-147C34AEC69F}"
EndProject
Project("{9A19103F-16F7-4668-BE54-9A1E7A4F7556}") = "NorthWind.Entities", "NorthWind.Entities\NorthWind.Entities.csproj", "{F8F91C5F-00C0-40A2-8D48-8C06434B638F}"
EndProject
Project("{9A19103F-16F7-4668-BE54-9A1E7A4F7556}") = "NorthWind.Sales.BusinessObjects", "NorthWind.Sales.BusinessObjects\NorthWind.Sales.BusinessObjects.csproj", "{22F15287-A5E8-4E80-A172-8645CC396940}"
EndProject
Project("{9A19103F-16F7-4668-BE54-9A1E7A4F7556}") = "NorthWind.Sales.UseCases", "NorthWind.Sales.UseCases\NorthWind.Sales.UseCases.csproj", "{9E2373FD-310C-452C-B982-7D4601C60571}"
EndProject
Project("{2150E333-8FDC-42A3-9474-1A3956D46DE8}") = "Gateways", "Gateways", "{5BF12197-3EDE-4F27-A66B-1B4D34039161}"
EndProject
Project("{2150E333-8FDC-42A3-9474-1A3956D46DE8}") = "Repositories", "Repositories", "{27D1215A-4380-4D1D-92FB-C392BD670B37}"
EndProject
Project("{9A19103F-16F7-4668-BE54-9A1E7A4F7556}") = "NorthWind.EFCore.Repositories", "NorthWind.EFCore.Repositories\NorthWind.EFCore.Repositories.csproj", "{18848AEB-6793-4131-854D-513EC98A55D7}"
EndProject
Project("{2150E333-8FDC-42A3-9474-1A3956D46DE8}") = "Presenters", "Presenters", "{62E86343-3D46-47E5-80B1-9CE721222C05}"
EndProject
Project("{FAE04EC0-301F-11D3-BF4B-00C04F79EFBC}") = "NorthWind.Sales.Presenters", "NorthWind.Sales.Presenters\NorthWind.Sales.Presenters.csproj", "{003E3D16-E27D-421E-AACE-690C6AF4025E}"
EndProject
Project("{2150E333-8FDC-42A3-9474-1A3956D46DE8}") = "Controllers", "Controllers", "{9C86C2F4-2A9C-4ACB-891D-F4AE658D2D2C}"
EndProject
Project("{FAE04EC0-301F-11D3-BF4B-00C04F79EFBC}") = "NorthWind.Sales.Controllers", "NorthWind.Sales.Controllers\NorthWind.Sales.Controllers.csproj", "{45C0454A-8D81-4BE4-A68C-FB10E8DC1312}"
EndProject
Project("{FAE04EC0-301F-11D3-BF4B-00C04F79EFBC}") = "NorthWind.Sales.IoC", "NorthWind.Sales.IoC\NorthWind.Sales.IoC.csproj", "{08D69474-11CC-45D6-95D9-C156C3E113C1}"
EndProject
Project("{2150E333-8FDC-42A3-9474-1A3956D46DE8}") = "UIs", "UIs", "{78F685BA-76A4-4A64-9BE0-1CFA514E406A}"
EndProject
Project("{FAE04EC0-301F-11D3-BF4B-00C04F79EFBC}") = "NorthWind.Sales.WebApi", "NorthWind.Sales.WebApi\NorthWind.Sales.WebApi.csproj", "{096F8C4C-4936-43C5-B650-4213D2E0BBF6}"
EndProject
Global
	GlobalSection(SolutionConfigurationPlatforms) = preSolution
		Debug|Any CPU = Debug|Any CPU
		Release|Any CPU = Release|Any CPU
	EndGlobalSection
	GlobalSection(ProjectConfigurationPlatforms) = postSolution
		{F8F91C5F-00C0-40A2-8D48-8C06434B638F}.Debug|Any CPU.ActiveCfg = Debug|Any CPU
		{F8F91C5F-00C0-40A2-8D48-8C06434B638F}.Debug|Any CPU.Build.0 = Debug|Any CPU
		{F8F91C5F-00C0-40A2-8D48-8C06434B638F}.Release|Any CPU.ActiveCfg = Release|Any CPU
		{F8F91C5F-00C0-40A2-8D48-8C06434B638F}.Release|Any CPU.Build.0 = Release|Any CPU
		{22F15287-A5E8-4E80-A172-8645CC396940}.Debug|Any CPU.ActiveCfg = Debug|Any CPU
		{22F15287-A5E8-4E80-A172-8645CC396940}.Debug|Any CPU.Build.0 = Debug|Any CPU
		{22F15287-A5E8-4E80-A172-8645CC396940}.Release|Any CPU.ActiveCfg = Release|Any CPU
		{22F15287-A5E8-4E80-A172-8645CC396940}.Release|Any CPU.Build.0 = Release|Any CPU
		{9E2373FD-310C-452C-B982-7D4601C60571}.Debug|Any CPU.ActiveCfg = Debug|Any CPU
		{9E2373FD-310C-452C-B982-7D4601C60571}.Debug|Any CPU.Build.0 = Debug|Any CPU
		{9E2373FD-310C-452C-B982-7D4601C60571}.Release|Any CPU.ActiveCfg = Release|Any CPU
		{9E2373FD-310C-452C-B982-7D4601C60571}.Release|Any CPU.Build.0 = Release|Any CPU
		{18848AEB-6793-4131-854D-513EC98A55D7}.Debug|Any CPU.ActiveCfg = Debug|Any CPU
		{18848AEB-6793-4131-854D-513EC98A55D7}.Debug|Any CPU.Build.0 = Debug|Any CPU
		{18848AEB-6793-4131-854D-513EC98A55D7}.Release|Any CPU.ActiveCfg = Release|Any CPU
		{18848AEB-6793-4131-854D-513EC98A55D7}.Release|Any CPU.Build.0 = Release|Any CPU
		{003E3D16-E27D-421E-AACE-690C6AF4025E}.Debug|Any CPU.ActiveCfg = Debug|Any CPU
		{003E3D16-E27D-421E-AACE-690C6AF4025E}.Debug|Any CPU.Build.0 = Debug|Any CPU
		{003E3D16-E27D-421E-AACE-690C6AF4025E}.Release|Any CPU.ActiveCfg = Release|Any CPU
		{003E3D16-E27D-421E-AACE-690C6AF4025E}.Release|Any CPU.Build.0 = Release|Any CPU
		{45C0454A-8D81-4BE4-A68C-FB10E8DC1312}.Debug|Any CPU.ActiveCfg = Debug|Any CPU
		{45C0454A-8D81-4BE4-A68C-FB10E8DC1312}.Debug|Any CPU.Build.0 = Debug|Any CPU
		{45C0454A-8D81-4BE4-A68C-FB10E8DC1312}.Release|Any CPU.ActiveCfg = Release|Any CPU
		{45C0454A-8D81-4BE4-A68C-FB10E8DC1312}.Release|Any CPU.Build.0 = Release|Any CPU
		{08D69474-11CC-45D6-95D9-C156C3E113C1}.Debug|Any CPU.ActiveCfg = Debug|Any CPU
		{08D69474-11CC-45D6-95D9-C156C3E113C1}.Debug|Any CPU.Build.0 = Debug|Any CPU
		{08D69474-11CC-45D6-95D9-C156C3E113C1}.Release|Any CPU.ActiveCfg = Release|Any CPU
		{08D69474-11CC-45D6-95D9-C156C3E113C1}.Release|Any CPU.Build.0 = Release|Any CPU
		{096F8C4C-4936-43C5-B650-4213D2E0BBF6}.Debug|Any CPU.ActiveCfg = Debug|Any CPU
		{096F8C4C-4936-43C5-B650-4213D2E0BBF6}.Debug|Any CPU.Build.0 = Debug|Any CPU
		{096F8C4C-4936-43C5-B650-4213D2E0BBF6}.Release|Any CPU.ActiveCfg = Release|Any CPU
		{096F8C4C-4936-43C5-B650-4213D2E0BBF6}.Release|Any CPU.Build.0 = Release|Any CPU
	EndGlobalSection
	GlobalSection(SolutionProperties) = preSolution
		HideSolutionNode = FALSE
	EndGlobalSection
	GlobalSection(NestedProjects) = preSolution
		{F8F91C5F-00C0-40A2-8D48-8C06434B638F} = {BE743584-08C0-44C2-84D4-8218D7E6D3FD}
		{22F15287-A5E8-4E80-A172-8645CC396940} = {08F2403F-39C3-4123-ACD3-E16B6D228472}
		{9E2373FD-310C-452C-B982-7D4601C60571} = {08F2403F-39C3-4123-ACD3-E16B6D228472}
		{5BF12197-3EDE-4F27-A66B-1B4D34039161} = {704F6C93-2185-4CB6-80A2-49E15D4636F8}
		{27D1215A-4380-4D1D-92FB-C392BD670B37} = {5BF12197-3EDE-4F27-A66B-1B4D34039161}
		{18848AEB-6793-4131-854D-513EC98A55D7} = {27D1215A-4380-4D1D-92FB-C392BD670B37}
		{62E86343-3D46-47E5-80B1-9CE721222C05} = {704F6C93-2185-4CB6-80A2-49E15D4636F8}
		{003E3D16-E27D-421E-AACE-690C6AF4025E} = {62E86343-3D46-47E5-80B1-9CE721222C05}
		{9C86C2F4-2A9C-4ACB-891D-F4AE658D2D2C} = {704F6C93-2185-4CB6-80A2-49E15D4636F8}
		{45C0454A-8D81-4BE4-A68C-FB10E8DC1312} = {9C86C2F4-2A9C-4ACB-891D-F4AE658D2D2C}
		{08D69474-11CC-45D6-95D9-C156C3E113C1} = {704F6C93-2185-4CB6-80A2-49E15D4636F8}
		{78F685BA-76A4-4A64-9BE0-1CFA514E406A} = {80D8F257-6228-43E7-A294-147C34AEC69F}
		{096F8C4C-4936-43C5-B650-4213D2E0BBF6} = {78F685BA-76A4-4A64-9BE0-1CFA514E406A}
	EndGlobalSection
	GlobalSection(ExtensibilityGlobals) = postSolution
		SolutionGuid = {2F9BF31F-FE30-4BF3-B8C4-2FAE03E05D1E}
	EndGlobalSection
EndGlobal
